
Microsoft Visual Studio Solution File, Format Version 12.00
# Visual Studio Version 17
VisualStudioVersion = 17.1.32421.90
MinimumVisualStudioVersion = 10.0.40219.1
Project("{2150E333-8FDC-42A3-9474-1A3956D46DE8}") = "Items", "Items", "{8A0AA543-68C3-4123-8736-F485531402EC}"
EndProject
Project("{2150E333-8FDC-42A3-9474-1A3956D46DE8}") = "Src", "Src", "{3E37FBAE-FBB0-40B5-A130-A29A443BBD21}"
EndProject
Project("{2150E333-8FDC-42A3-9474-1A3956D46DE8}") = "Core", "Core", "{8B8A555B-2FFC-4FDD-80EB-0B06343F8F71}"
EndProject
Project("{2150E333-8FDC-42A3-9474-1A3956D46DE8}") = "Web", "Web", "{ADEA837C-240E-4CF2-AC29-045AE25DA2CC}"
EndProject
Project("{2150E333-8FDC-42A3-9474-1A3956D46DE8}") = "API", "API", "{0CA1A5A4-790C-4D54-8F56-3EC39139DE80}"
EndProject
Project("{2150E333-8FDC-42A3-9474-1A3956D46DE8}") = "UI", "UI", "{FE0DCDC6-7AB9-4E86-8D60-D06EB184FA4A}"
EndProject
Project("{9A19103F-16F7-4668-BE54-9A1E7A4F7556}") = "API", "Src\Web\API\API.csproj", "{F7AE1B73-E19A-49F5-8D25-FF1076BDE2F2}"
EndProject
Project("{2150E333-8FDC-42A3-9474-1A3956D46DE8}") = "Infrastructure", "Infrastructure", "{9AAC6FF2-FC48-4A04-BB9C-6B8B8A5A4E7C}"
EndProject
Project("{9A19103F-16F7-4668-BE54-9A1E7A4F7556}") = "Infrastructure", "Src\Infrastructure\Infrastructure.csproj", "{81BB1980-F99A-4658-BA61-F3C47CBA7BCF}"
EndProject
Project("{9A19103F-16F7-4668-BE54-9A1E7A4F7556}") = "Application", "Src\Core\Application\Application.csproj", "{6854BB2C-07ED-46AE-B3F8-7AB2BDBAD4CF}"
EndProject
Project("{2150E333-8FDC-42A3-9474-1A3956D46DE8}") = "tests", "tests", "{2E1CCC60-78D8-4650-9BC8-F768F983B7CA}"
EndProject
Project("{9A19103F-16F7-4668-BE54-9A1E7A4F7556}") = "Domain", "Src\Core\Domain\Domain.csproj", "{C02D1556-4BD8-4087-9592-78769BB43D3B}"
EndProject
Project("{9A19103F-16F7-4668-BE54-9A1E7A4F7556}") = "Shared", "Shared\Shared.csproj", "{F6A61540-1C8A-44D9-8AD3-F9CE49076D8C}"
EndProject
Global
	GlobalSection(SolutionConfigurationPlatforms) = preSolution
		Debug|Any CPU = Debug|Any CPU
		Release|Any CPU = Release|Any CPU
	EndGlobalSection
	GlobalSection(ProjectConfigurationPlatforms) = postSolution
		{F7AE1B73-E19A-49F5-8D25-FF1076BDE2F2}.Debug|Any CPU.ActiveCfg = Debug|Any CPU
		{F7AE1B73-E19A-49F5-8D25-FF1076BDE2F2}.Debug|Any CPU.Build.0 = Debug|Any CPU
		{F7AE1B73-E19A-49F5-8D25-FF1076BDE2F2}.Release|Any CPU.ActiveCfg = Release|Any CPU
		{F7AE1B73-E19A-49F5-8D25-FF1076BDE2F2}.Release|Any CPU.Build.0 = Release|Any CPU
		{81BB1980-F99A-4658-BA61-F3C47CBA7BCF}.Debug|Any CPU.ActiveCfg = Debug|Any CPU
		{81BB1980-F99A-4658-BA61-F3C47CBA7BCF}.Debug|Any CPU.Build.0 = Debug|Any CPU
		{81BB1980-F99A-4658-BA61-F3C47CBA7BCF}.Release|Any CPU.ActiveCfg = Release|Any CPU
		{81BB1980-F99A-4658-BA61-F3C47CBA7BCF}.Release|Any CPU.Build.0 = Release|Any CPU
		{6854BB2C-07ED-46AE-B3F8-7AB2BDBAD4CF}.Debug|Any CPU.ActiveCfg = Debug|Any CPU
		{6854BB2C-07ED-46AE-B3F8-7AB2BDBAD4CF}.Debug|Any CPU.Build.0 = Debug|Any CPU
		{6854BB2C-07ED-46AE-B3F8-7AB2BDBAD4CF}.Release|Any CPU.ActiveCfg = Release|Any CPU
		{6854BB2C-07ED-46AE-B3F8-7AB2BDBAD4CF}.Release|Any CPU.Build.0 = Release|Any CPU
		{C02D1556-4BD8-4087-9592-78769BB43D3B}.Debug|Any CPU.ActiveCfg = Debug|Any CPU
		{C02D1556-4BD8-4087-9592-78769BB43D3B}.Debug|Any CPU.Build.0 = Debug|Any CPU
		{C02D1556-4BD8-4087-9592-78769BB43D3B}.Release|Any CPU.ActiveCfg = Release|Any CPU
		{C02D1556-4BD8-4087-9592-78769BB43D3B}.Release|Any CPU.Build.0 = Release|Any CPU
		{F6A61540-1C8A-44D9-8AD3-F9CE49076D8C}.Debug|Any CPU.ActiveCfg = Debug|Any CPU
		{F6A61540-1C8A-44D9-8AD3-F9CE49076D8C}.Debug|Any CPU.Build.0 = Debug|Any CPU
		{F6A61540-1C8A-44D9-8AD3-F9CE49076D8C}.Release|Any CPU.ActiveCfg = Release|Any CPU
		{F6A61540-1C8A-44D9-8AD3-F9CE49076D8C}.Release|Any CPU.Build.0 = Release|Any CPU
	EndGlobalSection
	GlobalSection(SolutionProperties) = preSolution
		HideSolutionNode = FALSE
	EndGlobalSection
	GlobalSection(NestedProjects) = preSolution
		{8B8A555B-2FFC-4FDD-80EB-0B06343F8F71} = {3E37FBAE-FBB0-40B5-A130-A29A443BBD21}
		{ADEA837C-240E-4CF2-AC29-045AE25DA2CC} = {3E37FBAE-FBB0-40B5-A130-A29A443BBD21}
		{0CA1A5A4-790C-4D54-8F56-3EC39139DE80} = {ADEA837C-240E-4CF2-AC29-045AE25DA2CC}
		{FE0DCDC6-7AB9-4E86-8D60-D06EB184FA4A} = {ADEA837C-240E-4CF2-AC29-045AE25DA2CC}
		{F7AE1B73-E19A-49F5-8D25-FF1076BDE2F2} = {0CA1A5A4-790C-4D54-8F56-3EC39139DE80}
		{9AAC6FF2-FC48-4A04-BB9C-6B8B8A5A4E7C} = {3E37FBAE-FBB0-40B5-A130-A29A443BBD21}
		{81BB1980-F99A-4658-BA61-F3C47CBA7BCF} = {9AAC6FF2-FC48-4A04-BB9C-6B8B8A5A4E7C}
		{6854BB2C-07ED-46AE-B3F8-7AB2BDBAD4CF} = {8B8A555B-2FFC-4FDD-80EB-0B06343F8F71}
		{C02D1556-4BD8-4087-9592-78769BB43D3B} = {8B8A555B-2FFC-4FDD-80EB-0B06343F8F71}
		{F6A61540-1C8A-44D9-8AD3-F9CE49076D8C} = {8B8A555B-2FFC-4FDD-80EB-0B06343F8F71}
	EndGlobalSection
	GlobalSection(ExtensibilityGlobals) = postSolution
		SolutionGuid = {EDC76B17-D841-4872-B8AD-62C02D72AF2A}
	EndGlobalSection
EndGlobal
